
Microsoft Visual Studio Solution File, Format Version 12.00
# Visual Studio 15
VisualStudioVersion = 15.0.27703.2035
MinimumVisualStudioVersion = 10.0.40219.1
Project("{9A19103F-16F7-4668-BE54-9A1E7A4F7556}") = "WebDriverOnCore", "WebDriverOnCore\WebDriverOnCore.csproj", "{8DF41083-8C46-410A-B06A-9E28431DB862}"
EndProject
Project("{2150E333-8FDC-42A3-9474-1A3956D46DE8}") = "Solution Items", "Solution Items", "{DF491947-AF92-4293-87E3-7E402E280B93}"
	ProjectSection(SolutionItems) = preProject
		Test.runsettings = Test.runsettings
	EndProjectSection
EndProject
Global
	GlobalSection(SolutionConfigurationPlatforms) = preSolution
		Debug|Any CPU = Debug|Any CPU
		Release|Any CPU = Release|Any CPU
	EndGlobalSection
	GlobalSection(ProjectConfigurationPlatforms) = postSolution
		{8DF41083-8C46-410A-B06A-9E28431DB862}.Debug|Any CPU.ActiveCfg = Debug|Any CPU
		{8DF41083-8C46-410A-B06A-9E28431DB862}.Debug|Any CPU.Build.0 = Debug|Any CPU
		{8DF41083-8C46-410A-B06A-9E28431DB862}.Release|Any CPU.ActiveCfg = Release|Any CPU
		{8DF41083-8C46-410A-B06A-9E28431DB862}.Release|Any CPU.Build.0 = Release|Any CPU
	EndGlobalSection
	GlobalSection(SolutionProperties) = preSolution
		HideSolutionNode = FALSE
	EndGlobalSection
	GlobalSection(ExtensibilityGlobals) = postSolution
		SolutionGuid = {8D0A98DB-F2A9-4C89-B0A3-51D43FD357C1}
	EndGlobalSection
EndGlobal
